// !$*UTF8*$!
{
	archiveVersion = 1;
	classes = {
	};
	objectVersion = 55;
	objects = {

/* Begin PBXBuildFile section */
		0D033B26288CD64500129C9B /* V2exOSApp.swift in Sources */ = {isa = PBXBuildFile; fileRef = 0D033B25288CD64500129C9B /* V2exOSApp.swift */; };
		0D033B2A288CD64700129C9B /* Assets.xcassets in Resources */ = {isa = PBXBuildFile; fileRef = 0D033B29288CD64700129C9B /* Assets.xcassets */; };
		0D033B2D288CD64700129C9B /* Preview Assets.xcassets in Resources */ = {isa = PBXBuildFile; fileRef = 0D033B2C288CD64700129C9B /* Preview Assets.xcassets */; };
		0D033B3E288D0FF700129C9B /* SidebarView.swift in Sources */ = {isa = PBXBuildFile; fileRef = 0D033B3D288D0FF700129C9B /* SidebarView.swift */; };
		0D033B40288D140C00129C9B /* TopicListView.swift in Sources */ = {isa = PBXBuildFile; fileRef = 0D033B3F288D140C00129C9B /* TopicListView.swift */; };
		0D033B42288D15CF00129C9B /* TopicDetailView.swift in Sources */ = {isa = PBXBuildFile; fileRef = 0D033B41288D15CF00129C9B /* TopicDetailView.swift */; };
		0D0E9CEC2A9DF454004B0C22 /* SwiftUIIntrospect in Frameworks */ = {isa = PBXBuildFile; productRef = 0D0E9CEB2A9DF454004B0C22 /* SwiftUIIntrospect */; };
		0D0E9CEE2A9DF45D004B0C22 /* SwiftUIIntrospect in Frameworks */ = {isa = PBXBuildFile; productRef = 0D0E9CED2A9DF45D004B0C22 /* SwiftUIIntrospect */; };
		0D12614A28A94AA3009DBCE2 /* V2exAPI in Frameworks */ = {isa = PBXBuildFile; productRef = 0D12614928A94AA3009DBCE2 /* V2exAPI */; };
		0D139DE228E7E06C00E4CF88 /* UserName.swift in Sources */ = {isa = PBXBuildFile; fileRef = 0D139DE128E7E06C00E4CF88 /* UserName.swift */; };
		0D2334D12996944500DF4B73 /* V2exOSiOSApp.swift in Sources */ = {isa = PBXBuildFile; fileRef = 0D2334D02996944500DF4B73 /* V2exOSiOSApp.swift */; };
		0D2334D52996944600DF4B73 /* Assets.xcassets in Resources */ = {isa = PBXBuildFile; fileRef = 0D2334D42996944600DF4B73 /* Assets.xcassets */; };
		0D2334D82996944600DF4B73 /* Preview Assets.xcassets in Resources */ = {isa = PBXBuildFile; fileRef = 0D2334D72996944600DF4B73 /* Preview Assets.xcassets */; };
		0D2334DF299697E000DF4B73 /* PagerTabStripView in Frameworks */ = {isa = PBXBuildFile; productRef = 0D2334DE299697E000DF4B73 /* PagerTabStripView */; };
		0D2334E22996990700DF4B73 /* HomeView.swift in Sources */ = {isa = PBXBuildFile; fileRef = 0D2334E12996990700DF4B73 /* HomeView.swift */; };
		0D2334E32996996B00DF4B73 /* TopicListView.swift in Sources */ = {isa = PBXBuildFile; fileRef = 0D033B3F288D140C00129C9B /* TopicListView.swift */; };
		0D2334E42996997000DF4B73 /* TopicListCellView.swift in Sources */ = {isa = PBXBuildFile; fileRef = 0D8F334F288D1F8800C27AF1 /* TopicListCellView.swift */; };
		0D2334E62996998500DF4B73 /* MarkdownUI in Frameworks */ = {isa = PBXBuildFile; productRef = 0D2334E52996998500DF4B73 /* MarkdownUI */; };
		0D2334E82996998500DF4B73 /* Kingfisher in Frameworks */ = {isa = PBXBuildFile; productRef = 0D2334E72996998500DF4B73 /* Kingfisher */; };
		0D2334EA2996998500DF4B73 /* V2exAPI in Frameworks */ = {isa = PBXBuildFile; productRef = 0D2334E92996998500DF4B73 /* V2exAPI */; };
		0D2334EB299699AB00DF4B73 /* TopicDetailView.swift in Sources */ = {isa = PBXBuildFile; fileRef = 0D033B41288D15CF00129C9B /* TopicDetailView.swift */; };
		0D2334EC299699B000DF4B73 /* AppearanceConfig.swift in Sources */ = {isa = PBXBuildFile; fileRef = 0D34DF8E2942FED1000A0096 /* AppearanceConfig.swift */; };
		0D2334ED299699BC00DF4B73 /* CommentListView.swift in Sources */ = {isa = PBXBuildFile; fileRef = 0D8A2E6E2896AB49001B2769 /* CommentListView.swift */; };
		0D2334EE299699DD00DF4B73 /* UserName.swift in Sources */ = {isa = PBXBuildFile; fileRef = 0D139DE128E7E06C00E4CF88 /* UserName.swift */; };
		0D2334EF29969A3B00DF4B73 /* TimeFormat.swift in Sources */ = {isa = PBXBuildFile; fileRef = 0D8F3358288D35D800C27AF1 /* TimeFormat.swift */; };
		0D2334F029969A6400DF4B73 /* Constants.swift in Sources */ = {isa = PBXBuildFile; fileRef = 0DD2A4DC2987C57B0018C2CF /* Constants.swift */; };
		0D2334F129969A6B00DF4B73 /* PreviewData.swift in Sources */ = {isa = PBXBuildFile; fileRef = 0D8A2E702896AE19001B2769 /* PreviewData.swift */; };
		0D321EA629A18787009DFB25 /* ColorExt.swift in Sources */ = {isa = PBXBuildFile; fileRef = 0D321EA529A18787009DFB25 /* ColorExt.swift */; };
		0D321EA729A18787009DFB25 /* ColorExt.swift in Sources */ = {isa = PBXBuildFile; fileRef = 0D321EA529A18787009DFB25 /* ColorExt.swift */; };
		0D321EA829A18787009DFB25 /* ColorExt.swift in Sources */ = {isa = PBXBuildFile; fileRef = 0D321EA529A18787009DFB25 /* ColorExt.swift */; };
		0D34DF8F2942FED1000A0096 /* AppearanceConfig.swift in Sources */ = {isa = PBXBuildFile; fileRef = 0D34DF8E2942FED1000A0096 /* AppearanceConfig.swift */; };
		0D40378C28E6E4EA00B1A341 /* SettingsView.swift in Sources */ = {isa = PBXBuildFile; fileRef = 0D40378B28E6E4EA00B1A341 /* SettingsView.swift */; };
		0D40378E28E6E4F500B1A341 /* ProxyHelper.swift in Sources */ = {isa = PBXBuildFile; fileRef = 0D40378D28E6E4F500B1A341 /* ProxyHelper.swift */; };
		0D5555F92997B6B100A8B9FD /* ViewExt.swift in Sources */ = {isa = PBXBuildFile; fileRef = 0D5555F82997B6B100A8B9FD /* ViewExt.swift */; };
		0D5555FA2997B6B100A8B9FD /* ViewExt.swift in Sources */ = {isa = PBXBuildFile; fileRef = 0D5555F82997B6B100A8B9FD /* ViewExt.swift */; };
		0D5555FB2997B6B100A8B9FD /* ViewExt.swift in Sources */ = {isa = PBXBuildFile; fileRef = 0D5555F82997B6B100A8B9FD /* ViewExt.swift */; };
		0D5555FC2997C1C500A8B9FD /* CurrentUserStore.swift in Sources */ = {isa = PBXBuildFile; fileRef = 0DA3F3A628A412FE00E7224D /* CurrentUserStore.swift */; };
		0D5555FF2997C1FF00A8B9FD /* KeychainAccess in Frameworks */ = {isa = PBXBuildFile; productRef = 0D5555FE2997C1FF00A8B9FD /* KeychainAccess */; };
		0D7EF06F299736C800E77A0C /* NodeListView.swift in Sources */ = {isa = PBXBuildFile; fileRef = 0D7EF06E299736C800E77A0C /* NodeListView.swift */; };
		0D8A2E6F2896AB49001B2769 /* CommentListView.swift in Sources */ = {isa = PBXBuildFile; fileRef = 0D8A2E6E2896AB49001B2769 /* CommentListView.swift */; };
		0D8A2E712896AE19001B2769 /* PreviewData.swift in Sources */ = {isa = PBXBuildFile; fileRef = 0D8A2E702896AE19001B2769 /* PreviewData.swift */; };
		0D8F3350288D1F8800C27AF1 /* TopicListCellView.swift in Sources */ = {isa = PBXBuildFile; fileRef = 0D8F334F288D1F8800C27AF1 /* TopicListCellView.swift */; };
		0D8F3353288D243A00C27AF1 /* MarkdownUI in Frameworks */ = {isa = PBXBuildFile; productRef = 0D8F3352288D243A00C27AF1 /* MarkdownUI */; };
		0D8F3356288D245300C27AF1 /* Kingfisher in Frameworks */ = {isa = PBXBuildFile; productRef = 0D8F3355288D245300C27AF1 /* Kingfisher */; };
		0D8F3359288D35D800C27AF1 /* TimeFormat.swift in Sources */ = {isa = PBXBuildFile; fileRef = 0D8F3358288D35D800C27AF1 /* TimeFormat.swift */; };
		0DA3F3A128A40ACF00E7224D /* ProfileView.swift in Sources */ = {isa = PBXBuildFile; fileRef = 0DA3F3A028A40ACF00E7224D /* ProfileView.swift */; };
		0DA3F3A428A411ED00E7224D /* KeychainAccess in Frameworks */ = {isa = PBXBuildFile; productRef = 0DA3F3A328A411ED00E7224D /* KeychainAccess */; };
		0DA3F3A728A412FE00E7224D /* CurrentUserStore.swift in Sources */ = {isa = PBXBuildFile; fileRef = 0DA3F3A628A412FE00E7224D /* CurrentUserStore.swift */; };
		0DA7FA67298799B300374B3A /* V2exOSTVApp.swift in Sources */ = {isa = PBXBuildFile; fileRef = 0DA7FA66298799B300374B3A /* V2exOSTVApp.swift */; };
		0DA7FA6B298799B400374B3A /* Assets.xcassets in Resources */ = {isa = PBXBuildFile; fileRef = 0DA7FA6A298799B400374B3A /* Assets.xcassets */; };
		0DA7FA6E298799B400374B3A /* Preview Assets.xcassets in Resources */ = {isa = PBXBuildFile; fileRef = 0DA7FA6D298799B400374B3A /* Preview Assets.xcassets */; };
		0DA7FA7329879A0B00374B3A /* Kingfisher in Frameworks */ = {isa = PBXBuildFile; productRef = 0DA7FA7229879A0B00374B3A /* Kingfisher */; };
		0DA7FA7529879A0B00374B3A /* V2exAPI in Frameworks */ = {isa = PBXBuildFile; productRef = 0DA7FA7429879A0B00374B3A /* V2exAPI */; };
		0DA7FA7829879AB200374B3A /* TopicListView.swift in Sources */ = {isa = PBXBuildFile; fileRef = 0DA7FA7729879AB200374B3A /* TopicListView.swift */; };
		0DA7FA7A29879BD300374B3A /* TopicListCellView.swift in Sources */ = {isa = PBXBuildFile; fileRef = 0DA7FA7929879BD300374B3A /* TopicListCellView.swift */; };
		0DA7FA7B29879CA500374B3A /* TimeFormat.swift in Sources */ = {isa = PBXBuildFile; fileRef = 0D8F3358288D35D800C27AF1 /* TimeFormat.swift */; };
		0DA7FA7D29879D3300374B3A /* MainView.swift in Sources */ = {isa = PBXBuildFile; fileRef = 0DA7FA7C29879D3300374B3A /* MainView.swift */; };
		0DA7FA802987A38C00374B3A /* PreviewData.swift in Sources */ = {isa = PBXBuildFile; fileRef = 0D8A2E702896AE19001B2769 /* PreviewData.swift */; };
		0DA7FA812987A63300374B3A /* StringExt.swift in Sources */ = {isa = PBXBuildFile; fileRef = 0DF3300F28A56A3600AEF312 /* StringExt.swift */; };
		0DA7FA822987A6DB00374B3A /* CommentListView.swift in Sources */ = {isa = PBXBuildFile; fileRef = 0D8A2E6E2896AB49001B2769 /* CommentListView.swift */; };
		0DA7FA842987A71900374B3A /* MarkdownUI in Frameworks */ = {isa = PBXBuildFile; productRef = 0DA7FA832987A71900374B3A /* MarkdownUI */; };
		0DA7FA852987A76500374B3A /* AppearanceConfig.swift in Sources */ = {isa = PBXBuildFile; fileRef = 0D34DF8E2942FED1000A0096 /* AppearanceConfig.swift */; };
		0DA7FA862987A76B00374B3A /* UserName.swift in Sources */ = {isa = PBXBuildFile; fileRef = 0D139DE128E7E06C00E4CF88 /* UserName.swift */; };
		0DA7FA872987A8C800374B3A /* TopicDetailView.swift in Sources */ = {isa = PBXBuildFile; fileRef = 0D033B41288D15CF00129C9B /* TopicDetailView.swift */; };
		0DA8383A2A9DD3E900C8DA47 /* SwiftUIIntrospect in Frameworks */ = {isa = PBXBuildFile; productRef = 0DA838392A9DD3E900C8DA47 /* SwiftUIIntrospect */; };
		0DD2A4DD2987C57B0018C2CF /* Constants.swift in Sources */ = {isa = PBXBuildFile; fileRef = 0DD2A4DC2987C57B0018C2CF /* Constants.swift */; };
		0DD2A4DE2987C57B0018C2CF /* Constants.swift in Sources */ = {isa = PBXBuildFile; fileRef = 0DD2A4DC2987C57B0018C2CF /* Constants.swift */; };
		0DEFFCB22A9EDB5100A1585B /* CommentUserTagView.swift in Sources */ = {isa = PBXBuildFile; fileRef = 0DEFFCB12A9EDB5100A1585B /* CommentUserTagView.swift */; };
		0DEFFCB32A9EDB5100A1585B /* CommentUserTagView.swift in Sources */ = {isa = PBXBuildFile; fileRef = 0DEFFCB12A9EDB5100A1585B /* CommentUserTagView.swift */; };
		0DEFFCB42A9EDB5100A1585B /* CommentUserTagView.swift in Sources */ = {isa = PBXBuildFile; fileRef = 0DEFFCB12A9EDB5100A1585B /* CommentUserTagView.swift */; };
		0DF3300E28A55DEA00AEF312 /* InboxListView.swift in Sources */ = {isa = PBXBuildFile; fileRef = 0DF3300D28A55DEA00AEF312 /* InboxListView.swift */; };
		0DF3301028A56A3600AEF312 /* StringExt.swift in Sources */ = {isa = PBXBuildFile; fileRef = 0DF3300F28A56A3600AEF312 /* StringExt.swift */; };
/* End PBXBuildFile section */

/* Begin PBXFileReference section */
		0D033B22288CD64500129C9B /* V2exOS.app */ = {isa = PBXFileReference; explicitFileType = wrapper.application; includeInIndex = 0; path = V2exOS.app; sourceTree = BUILT_PRODUCTS_DIR; };
		0D033B25288CD64500129C9B /* V2exOSApp.swift */ = {isa = PBXFileReference; lastKnownFileType = sourcecode.swift; path = V2exOSApp.swift; sourceTree = "<group>"; };
		0D033B29288CD64700129C9B /* Assets.xcassets */ = {isa = PBXFileReference; lastKnownFileType = folder.assetcatalog; path = Assets.xcassets; sourceTree = "<group>"; };
		0D033B2C288CD64700129C9B /* Preview Assets.xcassets */ = {isa = PBXFileReference; lastKnownFileType = folder.assetcatalog; path = "Preview Assets.xcassets"; sourceTree = "<group>"; };
		0D033B2E288CD64700129C9B /* V2exOS.entitlements */ = {isa = PBXFileReference; lastKnownFileType = text.plist.entitlements; path = V2exOS.entitlements; sourceTree = "<group>"; };
		0D033B3D288D0FF700129C9B /* SidebarView.swift */ = {isa = PBXFileReference; lastKnownFileType = sourcecode.swift; path = SidebarView.swift; sourceTree = "<group>"; };
		0D033B3F288D140C00129C9B /* TopicListView.swift */ = {isa = PBXFileReference; lastKnownFileType = sourcecode.swift; path = TopicListView.swift; sourceTree = "<group>"; };
		0D033B41288D15CF00129C9B /* TopicDetailView.swift */ = {isa = PBXFileReference; lastKnownFileType = sourcecode.swift; path = TopicDetailView.swift; sourceTree = "<group>"; };
		0D139DE128E7E06C00E4CF88 /* UserName.swift */ = {isa = PBXFileReference; fileEncoding = 4; lastKnownFileType = sourcecode.swift; path = UserName.swift; sourceTree = "<group>"; };
		0D2334CE2996944500DF4B73 /* V2exOSiOS.app */ = {isa = PBXFileReference; explicitFileType = wrapper.application; includeInIndex = 0; path = V2exOSiOS.app; sourceTree = BUILT_PRODUCTS_DIR; };
		0D2334D02996944500DF4B73 /* V2exOSiOSApp.swift */ = {isa = PBXFileReference; lastKnownFileType = sourcecode.swift; path = V2exOSiOSApp.swift; sourceTree = "<group>"; };
		0D2334D42996944600DF4B73 /* Assets.xcassets */ = {isa = PBXFileReference; lastKnownFileType = folder.assetcatalog; path = Assets.xcassets; sourceTree = "<group>"; };
		0D2334D72996944600DF4B73 /* Preview Assets.xcassets */ = {isa = PBXFileReference; lastKnownFileType = folder.assetcatalog; path = "Preview Assets.xcassets"; sourceTree = "<group>"; };
		0D2334DD2996972E00DF4B73 /* Info.plist */ = {isa = PBXFileReference; lastKnownFileType = text.plist; path = Info.plist; sourceTree = "<group>"; };
		0D2334E12996990700DF4B73 /* HomeView.swift */ = {isa = PBXFileReference; lastKnownFileType = sourcecode.swift; path = HomeView.swift; sourceTree = "<group>"; };
		0D321EA529A18787009DFB25 /* ColorExt.swift */ = {isa = PBXFileReference; lastKnownFileType = sourcecode.swift; path = ColorExt.swift; sourceTree = "<group>"; };
		0D34DF8E2942FED1000A0096 /* AppearanceConfig.swift */ = {isa = PBXFileReference; lastKnownFileType = sourcecode.swift; path = AppearanceConfig.swift; sourceTree = "<group>"; };
		0D40378B28E6E4EA00B1A341 /* SettingsView.swift */ = {isa = PBXFileReference; fileEncoding = 4; lastKnownFileType = sourcecode.swift; path = SettingsView.swift; sourceTree = "<group>"; };
		0D40378D28E6E4F500B1A341 /* ProxyHelper.swift */ = {isa = PBXFileReference; fileEncoding = 4; lastKnownFileType = sourcecode.swift; path = ProxyHelper.swift; sourceTree = "<group>"; };
		0D5555F82997B6B100A8B9FD /* ViewExt.swift */ = {isa = PBXFileReference; lastKnownFileType = sourcecode.swift; path = ViewExt.swift; sourceTree = "<group>"; };
		0D7A1A5429880B8D00003696 /* Info_tv.plist */ = {isa = PBXFileReference; fileEncoding = 4; lastKnownFileType = text.plist.xml; path = Info_tv.plist; sourceTree = "<group>"; };
		0D7EF06E299736C800E77A0C /* NodeListView.swift */ = {isa = PBXFileReference; lastKnownFileType = sourcecode.swift; path = NodeListView.swift; sourceTree = "<group>"; };
		0D8A2E6E2896AB49001B2769 /* CommentListView.swift */ = {isa = PBXFileReference; lastKnownFileType = sourcecode.swift; path = CommentListView.swift; sourceTree = "<group>"; };
		0D8A2E702896AE19001B2769 /* PreviewData.swift */ = {isa = PBXFileReference; lastKnownFileType = sourcecode.swift; path = PreviewData.swift; sourceTree = "<group>"; };
		0D8F334F288D1F8800C27AF1 /* TopicListCellView.swift */ = {isa = PBXFileReference; lastKnownFileType = sourcecode.swift; path = TopicListCellView.swift; sourceTree = "<group>"; };
		0D8F3358288D35D800C27AF1 /* TimeFormat.swift */ = {isa = PBXFileReference; lastKnownFileType = sourcecode.swift; path = TimeFormat.swift; sourceTree = "<group>"; };
		0DA3F3A028A40ACF00E7224D /* ProfileView.swift */ = {isa = PBXFileReference; lastKnownFileType = sourcecode.swift; path = ProfileView.swift; sourceTree = "<group>"; };
		0DA3F3A628A412FE00E7224D /* CurrentUserStore.swift */ = {isa = PBXFileReference; lastKnownFileType = sourcecode.swift; path = CurrentUserStore.swift; sourceTree = "<group>"; };
		0DA4235228E3585C005BD63F /* Info.plist */ = {isa = PBXFileReference; lastKnownFileType = text.plist; path = Info.plist; sourceTree = "<group>"; };
		0DA7FA64298799B300374B3A /* V2exOSTV.app */ = {isa = PBXFileReference; explicitFileType = wrapper.application; includeInIndex = 0; path = V2exOSTV.app; sourceTree = BUILT_PRODUCTS_DIR; };
		0DA7FA66298799B300374B3A /* V2exOSTVApp.swift */ = {isa = PBXFileReference; lastKnownFileType = sourcecode.swift; path = V2exOSTVApp.swift; sourceTree = "<group>"; };
		0DA7FA6A298799B400374B3A /* Assets.xcassets */ = {isa = PBXFileReference; lastKnownFileType = folder.assetcatalog; path = Assets.xcassets; sourceTree = "<group>"; };
		0DA7FA6D298799B400374B3A /* Preview Assets.xcassets */ = {isa = PBXFileReference; lastKnownFileType = folder.assetcatalog; path = "Preview Assets.xcassets"; sourceTree = "<group>"; };
		0DA7FA7729879AB200374B3A /* TopicListView.swift */ = {isa = PBXFileReference; lastKnownFileType = sourcecode.swift; path = TopicListView.swift; sourceTree = "<group>"; };
		0DA7FA7929879BD300374B3A /* TopicListCellView.swift */ = {isa = PBXFileReference; lastKnownFileType = sourcecode.swift; path = TopicListCellView.swift; sourceTree = "<group>"; };
		0DA7FA7C29879D3300374B3A /* MainView.swift */ = {isa = PBXFileReference; lastKnownFileType = sourcecode.swift; path = MainView.swift; sourceTree = "<group>"; };
		0DD2A4DC2987C57B0018C2CF /* Constants.swift */ = {isa = PBXFileReference; lastKnownFileType = sourcecode.swift; path = Constants.swift; sourceTree = "<group>"; };
		0DEFFCB12A9EDB5100A1585B /* CommentUserTagView.swift */ = {isa = PBXFileReference; lastKnownFileType = sourcecode.swift; path = CommentUserTagView.swift; sourceTree = "<group>"; };
		0DF3300D28A55DEA00AEF312 /* InboxListView.swift */ = {isa = PBXFileReference; lastKnownFileType = sourcecode.swift; path = InboxListView.swift; sourceTree = "<group>"; };
		0DF3300F28A56A3600AEF312 /* StringExt.swift */ = {isa = PBXFileReference; lastKnownFileType = sourcecode.swift; path = StringExt.swift; sourceTree = "<group>"; };
/* End PBXFileReference section */

/* Begin PBXFrameworksBuildPhase section */
		0D033B1F288CD64500129C9B /* Frameworks */ = {
			isa = PBXFrameworksBuildPhase;
			buildActionMask = 2147483647;
			files = (
				0DA3F3A428A411ED00E7224D /* KeychainAccess in Frameworks */,
				0D8F3356288D245300C27AF1 /* Kingfisher in Frameworks */,
				0D12614A28A94AA3009DBCE2 /* V2exAPI in Frameworks */,
				0DA8383A2A9DD3E900C8DA47 /* SwiftUIIntrospect in Frameworks */,
				0D8F3353288D243A00C27AF1 /* MarkdownUI in Frameworks */,
			);
			runOnlyForDeploymentPostprocessing = 0;
		};
		0D2334CB2996944500DF4B73 /* Frameworks */ = {
			isa = PBXFrameworksBuildPhase;
			buildActionMask = 2147483647;
			files = (
				0D2334E82996998500DF4B73 /* Kingfisher in Frameworks */,
				0D2334DF299697E000DF4B73 /* PagerTabStripView in Frameworks */,
				0D2334EA2996998500DF4B73 /* V2exAPI in Frameworks */,
				0D0E9CEE2A9DF45D004B0C22 /* SwiftUIIntrospect in Frameworks */,
				0D2334E62996998500DF4B73 /* MarkdownUI in Frameworks */,
				0D5555FF2997C1FF00A8B9FD /* KeychainAccess in Frameworks */,
			);
			runOnlyForDeploymentPostprocessing = 0;
		};
		0DA7FA61298799B300374B3A /* Frameworks */ = {
			isa = PBXFrameworksBuildPhase;
			buildActionMask = 2147483647;
			files = (
				0DA7FA842987A71900374B3A /* MarkdownUI in Frameworks */,
				0DA7FA7529879A0B00374B3A /* V2exAPI in Frameworks */,
				0DA7FA7329879A0B00374B3A /* Kingfisher in Frameworks */,
				0D0E9CEC2A9DF454004B0C22 /* SwiftUIIntrospect in Frameworks */,
			);
			runOnlyForDeploymentPostprocessing = 0;
		};
/* End PBXFrameworksBuildPhase section */

/* Begin PBXGroup section */
		0D033B19288CD64500129C9B = {
			isa = PBXGroup;
			children = (
				0D033B24288CD64500129C9B /* V2exOS */,
				0DA7FA65298799B300374B3A /* V2exOSTV */,
				0D2334CF2996944500DF4B73 /* V2exOSiOS */,
				0D033B23288CD64500129C9B /* Products */,
				0D033B43288D162400129C9B /* Frameworks */,
			);
			sourceTree = "<group>";
		};
		0D033B23288CD64500129C9B /* Products */ = {
			isa = PBXGroup;
			children = (
				0D033B22288CD64500129C9B /* V2exOS.app */,
				0DA7FA64298799B300374B3A /* V2exOSTV.app */,
				0D2334CE2996944500DF4B73 /* V2exOSiOS.app */,
			);
			name = Products;
			sourceTree = "<group>";
		};
		0D033B24288CD64500129C9B /* V2exOS */ = {
			isa = PBXGroup;
			children = (
				0DA4235228E3585C005BD63F /* Info.plist */,
				0D8F3357288D35B200C27AF1 /* Utils */,
				0D033B3C288D0FEC00129C9B /* Views */,
				0DA3F3A528A412F100E7224D /* User */,
				0D033B25288CD64500129C9B /* V2exOSApp.swift */,
				0D033B29288CD64700129C9B /* Assets.xcassets */,
				0D033B2E288CD64700129C9B /* V2exOS.entitlements */,
				0D033B2B288CD64700129C9B /* Preview Content */,
			);
			path = V2exOS;
			sourceTree = "<group>";
		};
		0D033B2B288CD64700129C9B /* Preview Content */ = {
			isa = PBXGroup;
			children = (
				0D033B2C288CD64700129C9B /* Preview Assets.xcassets */,
			);
			path = "Preview Content";
			sourceTree = "<group>";
		};
		0D033B3C288D0FEC00129C9B /* Views */ = {
			isa = PBXGroup;
			children = (
				0D033B3D288D0FF700129C9B /* SidebarView.swift */,
				0DA3F3A028A40ACF00E7224D /* ProfileView.swift */,
				0DF3300D28A55DEA00AEF312 /* InboxListView.swift */,
				0D40378B28E6E4EA00B1A341 /* SettingsView.swift */,
				0DF9130528E49D2F00A2CDEC /* TopicList */,
				0DF9130428E49D2000A2CDEC /* TopicDetail */,
				0D139DE328E7E0BD00E4CF88 /* Components */,
			);
			path = Views;
			sourceTree = "<group>";
		};
		0D033B43288D162400129C9B /* Frameworks */ = {
			isa = PBXGroup;
			children = (
			);
			name = Frameworks;
			sourceTree = "<group>";
		};
		0D139DE328E7E0BD00E4CF88 /* Components */ = {
			isa = PBXGroup;
			children = (
				0D139DE128E7E06C00E4CF88 /* UserName.swift */,
			);
			path = Components;
			sourceTree = "<group>";
		};
		0D2334CF2996944500DF4B73 /* V2exOSiOS */ = {
			isa = PBXGroup;
			children = (
				0D2334E0299698FB00DF4B73 /* Views */,
				0D2334DD2996972E00DF4B73 /* Info.plist */,
				0D2334D02996944500DF4B73 /* V2exOSiOSApp.swift */,
				0D2334D42996944600DF4B73 /* Assets.xcassets */,
				0D2334D62996944600DF4B73 /* Preview Content */,
			);
			path = V2exOSiOS;
			sourceTree = "<group>";
		};
		0D2334D62996944600DF4B73 /* Preview Content */ = {
			isa = PBXGroup;
			children = (
				0D2334D72996944600DF4B73 /* Preview Assets.xcassets */,
			);
			path = "Preview Content";
			sourceTree = "<group>";
		};
		0D2334E0299698FB00DF4B73 /* Views */ = {
			isa = PBXGroup;
			children = (
				0D2334E12996990700DF4B73 /* HomeView.swift */,
				0D7EF06E299736C800E77A0C /* NodeListView.swift */,
			);
			path = Views;
			sourceTree = "<group>";
		};
		0D8F3357288D35B200C27AF1 /* Utils */ = {
			isa = PBXGroup;
			children = (
				0D8F3358288D35D800C27AF1 /* TimeFormat.swift */,
				0D8A2E702896AE19001B2769 /* PreviewData.swift */,
				0DF3300F28A56A3600AEF312 /* StringExt.swift */,
				0D40378D28E6E4F500B1A341 /* ProxyHelper.swift */,
				0D34DF8E2942FED1000A0096 /* AppearanceConfig.swift */,
				0DD2A4DC2987C57B0018C2CF /* Constants.swift */,
				0D5555F82997B6B100A8B9FD /* ViewExt.swift */,
				0D321EA529A18787009DFB25 /* ColorExt.swift */,
			);
			path = Utils;
			sourceTree = "<group>";
		};
		0DA3F3A528A412F100E7224D /* User */ = {
			isa = PBXGroup;
			children = (
				0DA3F3A628A412FE00E7224D /* CurrentUserStore.swift */,
			);
			path = User;
			sourceTree = "<group>";
		};
		0DA7FA65298799B300374B3A /* V2exOSTV */ = {
			isa = PBXGroup;
			children = (
				0D7A1A5429880B8D00003696 /* Info_tv.plist */,
				0DA7FA7629879A9100374B3A /* Views */,
				0DA7FA66298799B300374B3A /* V2exOSTVApp.swift */,
				0DA7FA6A298799B400374B3A /* Assets.xcassets */,
				0DA7FA6C298799B400374B3A /* Preview Content */,
			);
			path = V2exOSTV;
			sourceTree = "<group>";
		};
		0DA7FA6C298799B400374B3A /* Preview Content */ = {
			isa = PBXGroup;
			children = (
				0DA7FA6D298799B400374B3A /* Preview Assets.xcassets */,
			);
			path = "Preview Content";
			sourceTree = "<group>";
		};
		0DA7FA7629879A9100374B3A /* Views */ = {
			isa = PBXGroup;
			children = (
				0DA7FA7C29879D3300374B3A /* MainView.swift */,
				0DA7FA7729879AB200374B3A /* TopicListView.swift */,
				0DA7FA7929879BD300374B3A /* TopicListCellView.swift */,
			);
			path = Views;
			sourceTree = "<group>";
		};
		0DF9130428E49D2000A2CDEC /* TopicDetail */ = {
			isa = PBXGroup;
			children = (
				0D033B41288D15CF00129C9B /* TopicDetailView.swift */,
				0D8A2E6E2896AB49001B2769 /* CommentListView.swift */,
				0DEFFCB12A9EDB5100A1585B /* CommentUserTagView.swift */,
			);
			path = TopicDetail;
			sourceTree = "<group>";
		};
		0DF9130528E49D2F00A2CDEC /* TopicList */ = {
			isa = PBXGroup;
			children = (
				0D033B3F288D140C00129C9B /* TopicListView.swift */,
				0D8F334F288D1F8800C27AF1 /* TopicListCellView.swift */,
			);
			path = TopicList;
			sourceTree = "<group>";
		};
/* End PBXGroup section */

/* Begin PBXNativeTarget section */
		0D033B21288CD64500129C9B /* V2exOS */ = {
			isa = PBXNativeTarget;
			buildConfigurationList = 0D033B31288CD64700129C9B /* Build configuration list for PBXNativeTarget "V2exOS" */;
			buildPhases = (
				0D033B1E288CD64500129C9B /* Sources */,
				0D033B1F288CD64500129C9B /* Frameworks */,
				0D033B20288CD64500129C9B /* Resources */,
			);
			buildRules = (
			);
			dependencies = (
			);
			name = V2exOS;
			packageProductDependencies = (
				0D8F3352288D243A00C27AF1 /* MarkdownUI */,
				0D8F3355288D245300C27AF1 /* Kingfisher */,
				0DA3F3A328A411ED00E7224D /* KeychainAccess */,
				0D12614928A94AA3009DBCE2 /* V2exAPI */,
				0DA838392A9DD3E900C8DA47 /* SwiftUIIntrospect */,
			);
			productName = V2exOS;
			productReference = 0D033B22288CD64500129C9B /* V2exOS.app */;
			productType = "com.apple.product-type.application";
		};
		0D2334CD2996944500DF4B73 /* V2exOSiOS */ = {
			isa = PBXNativeTarget;
			buildConfigurationList = 0D2334DB2996944600DF4B73 /* Build configuration list for PBXNativeTarget "V2exOSiOS" */;
			buildPhases = (
				0D2334CA2996944500DF4B73 /* Sources */,
				0D2334CB2996944500DF4B73 /* Frameworks */,
				0D2334CC2996944500DF4B73 /* Resources */,
			);
			buildRules = (
			);
			dependencies = (
			);
			name = V2exOSiOS;
			packageProductDependencies = (
				0D2334DE299697E000DF4B73 /* PagerTabStripView */,
				0D2334E52996998500DF4B73 /* MarkdownUI */,
				0D2334E72996998500DF4B73 /* Kingfisher */,
				0D2334E92996998500DF4B73 /* V2exAPI */,
				0D5555FE2997C1FF00A8B9FD /* KeychainAccess */,
				0D0E9CED2A9DF45D004B0C22 /* SwiftUIIntrospect */,
			);
			productName = V2exOSiOS;
			productReference = 0D2334CE2996944500DF4B73 /* V2exOSiOS.app */;
			productType = "com.apple.product-type.application";
		};
		0DA7FA63298799B300374B3A /* V2exOSTV */ = {
			isa = PBXNativeTarget;
			buildConfigurationList = 0DA7FA71298799B400374B3A /* Build configuration list for PBXNativeTarget "V2exOSTV" */;
			buildPhases = (
				0DA7FA60298799B300374B3A /* Sources */,
				0DA7FA61298799B300374B3A /* Frameworks */,
				0DA7FA62298799B300374B3A /* Resources */,
			);
			buildRules = (
			);
			dependencies = (
			);
			name = V2exOSTV;
			packageProductDependencies = (
				0DA7FA7229879A0B00374B3A /* Kingfisher */,
				0DA7FA7429879A0B00374B3A /* V2exAPI */,
				0DA7FA832987A71900374B3A /* MarkdownUI */,
				0D0E9CEB2A9DF454004B0C22 /* SwiftUIIntrospect */,
			);
			productName = V2exOSTV;
			productReference = 0DA7FA64298799B300374B3A /* V2exOSTV.app */;
			productType = "com.apple.product-type.application";
		};
/* End PBXNativeTarget section */

/* Begin PBXProject section */
		0D033B1A288CD64500129C9B /* Project object */ = {
			isa = PBXProject;
			attributes = {
				BuildIndependentTargetsInParallel = 1;
				LastSwiftUpdateCheck = 1420;
				LastUpgradeCheck = 1420;
				TargetAttributes = {
					0D033B21288CD64500129C9B = {
						CreatedOnToolsVersion = 13.4.1;
					};
					0D2334CD2996944500DF4B73 = {
						CreatedOnToolsVersion = 14.2;
					};
					0DA7FA63298799B300374B3A = {
						CreatedOnToolsVersion = 14.2;
					};
				};
			};
			buildConfigurationList = 0D033B1D288CD64500129C9B /* Build configuration list for PBXProject "V2exOS" */;
			compatibilityVersion = "Xcode 13.0";
			developmentRegion = en;
			hasScannedForEncodings = 0;
			knownRegions = (
				en,
				"zh-Hans",
			);
			mainGroup = 0D033B19288CD64500129C9B;
			packageReferences = (
				0D8F3351288D243A00C27AF1 /* XCRemoteSwiftPackageReference "MarkdownUI" */,
				0D8F3354288D245300C27AF1 /* XCRemoteSwiftPackageReference "Kingfisher" */,
				0DA3F3A228A411ED00E7224D /* XCRemoteSwiftPackageReference "KeychainAccess" */,
				0D12614828A94963009DBCE2 /* XCRemoteSwiftPackageReference "V2exAPI" */,
				0D2334DC2996972300DF4B73 /* XCRemoteSwiftPackageReference "PagerTabStripView" */,
				0DA838362A9DD2AB00C8DA47 /* XCRemoteSwiftPackageReference "SwiftUI-Introspect" */,
			);
			productRefGroup = 0D033B23288CD64500129C9B /* Products */;
			projectDirPath = "";
			projectRoot = "";
			targets = (
				0D033B21288CD64500129C9B /* V2exOS */,
				0DA7FA63298799B300374B3A /* V2exOSTV */,
				0D2334CD2996944500DF4B73 /* V2exOSiOS */,
			);
		};
/* End PBXProject section */

/* Begin PBXResourcesBuildPhase section */
		0D033B20288CD64500129C9B /* Resources */ = {
			isa = PBXResourcesBuildPhase;
			buildActionMask = 2147483647;
			files = (
				0D033B2D288CD64700129C9B /* Preview Assets.xcassets in Resources */,
				0D033B2A288CD64700129C9B /* Assets.xcassets in Resources */,
			);
			runOnlyForDeploymentPostprocessing = 0;
		};
		0D2334CC2996944500DF4B73 /* Resources */ = {
			isa = PBXResourcesBuildPhase;
			buildActionMask = 2147483647;
			files = (
				0D2334D82996944600DF4B73 /* Preview Assets.xcassets in Resources */,
				0D2334D52996944600DF4B73 /* Assets.xcassets in Resources */,
			);
			runOnlyForDeploymentPostprocessing = 0;
		};
		0DA7FA62298799B300374B3A /* Resources */ = {
			isa = PBXResourcesBuildPhase;
			buildActionMask = 2147483647;
			files = (
				0DA7FA6E298799B400374B3A /* Preview Assets.xcassets in Resources */,
				0DA7FA6B298799B400374B3A /* Assets.xcassets in Resources */,
			);
			runOnlyForDeploymentPostprocessing = 0;
		};
/* End PBXResourcesBuildPhase section */

/* Begin PBXSourcesBuildPhase section */
		0D033B1E288CD64500129C9B /* Sources */ = {
			isa = PBXSourcesBuildPhase;
			buildActionMask = 2147483647;
			files = (
				0D8A2E712896AE19001B2769 /* PreviewData.swift in Sources */,
				0D321EA629A18787009DFB25 /* ColorExt.swift in Sources */,
				0DD2A4DD2987C57B0018C2CF /* Constants.swift in Sources */,
				0DA3F3A128A40ACF00E7224D /* ProfileView.swift in Sources */,
				0DA3F3A728A412FE00E7224D /* CurrentUserStore.swift in Sources */,
				0D8F3359288D35D800C27AF1 /* TimeFormat.swift in Sources */,
				0D8F3350288D1F8800C27AF1 /* TopicListCellView.swift in Sources */,
				0D033B42288D15CF00129C9B /* TopicDetailView.swift in Sources */,
				0D033B40288D140C00129C9B /* TopicListView.swift in Sources */,
				0D34DF8F2942FED1000A0096 /* AppearanceConfig.swift in Sources */,
				0D033B26288CD64500129C9B /* V2exOSApp.swift in Sources */,
				0D139DE228E7E06C00E4CF88 /* UserName.swift in Sources */,
				0DEFFCB22A9EDB5100A1585B /* CommentUserTagView.swift in Sources */,
				0D033B3E288D0FF700129C9B /* SidebarView.swift in Sources */,
				0DF3300E28A55DEA00AEF312 /* InboxListView.swift in Sources */,
				0D40378E28E6E4F500B1A341 /* ProxyHelper.swift in Sources */,
				0DF3301028A56A3600AEF312 /* StringExt.swift in Sources */,
				0D8A2E6F2896AB49001B2769 /* CommentListView.swift in Sources */,
				0D5555F92997B6B100A8B9FD /* ViewExt.swift in Sources */,
				0D40378C28E6E4EA00B1A341 /* SettingsView.swift in Sources */,
			);
			runOnlyForDeploymentPostprocessing = 0;
		};
		0D2334CA2996944500DF4B73 /* Sources */ = {
			isa = PBXSourcesBuildPhase;
			buildActionMask = 2147483647;
			files = (
				0D2334E32996996B00DF4B73 /* TopicListView.swift in Sources */,
				0D321EA829A18787009DFB25 /* ColorExt.swift in Sources */,
				0D2334F029969A6400DF4B73 /* Constants.swift in Sources */,
				0D2334E22996990700DF4B73 /* HomeView.swift in Sources */,
				0D2334ED299699BC00DF4B73 /* CommentListView.swift in Sources */,
				0D2334EF29969A3B00DF4B73 /* TimeFormat.swift in Sources */,
				0D2334EB299699AB00DF4B73 /* TopicDetailView.swift in Sources */,
				0D2334EE299699DD00DF4B73 /* UserName.swift in Sources */,
				0D5555FB2997B6B100A8B9FD /* ViewExt.swift in Sources */,
				0D5555FC2997C1C500A8B9FD /* CurrentUserStore.swift in Sources */,
				0D2334F129969A6B00DF4B73 /* PreviewData.swift in Sources */,
				0D2334D12996944500DF4B73 /* V2exOSiOSApp.swift in Sources */,
				0DEFFCB42A9EDB5100A1585B /* CommentUserTagView.swift in Sources */,
				0D2334EC299699B000DF4B73 /* AppearanceConfig.swift in Sources */,
				0D7EF06F299736C800E77A0C /* NodeListView.swift in Sources */,
				0D2334E42996997000DF4B73 /* TopicListCellView.swift in Sources */,
			);
			runOnlyForDeploymentPostprocessing = 0;
		};
		0DA7FA60298799B300374B3A /* Sources */ = {
			isa = PBXSourcesBuildPhase;
			buildActionMask = 2147483647;
			files = (
				0DA7FA802987A38C00374B3A /* PreviewData.swift in Sources */,
				0DA7FA7A29879BD300374B3A /* TopicListCellView.swift in Sources */,
				0DA7FA7D29879D3300374B3A /* MainView.swift in Sources */,
				0DA7FA812987A63300374B3A /* StringExt.swift in Sources */,
				0DA7FA862987A76B00374B3A /* UserName.swift in Sources */,
				0DA7FA67298799B300374B3A /* V2exOSTVApp.swift in Sources */,
				0DA7FA822987A6DB00374B3A /* CommentListView.swift in Sources */,
				0DEFFCB32A9EDB5100A1585B /* CommentUserTagView.swift in Sources */,
				0D5555FA2997B6B100A8B9FD /* ViewExt.swift in Sources */,
				0DA7FA7B29879CA500374B3A /* TimeFormat.swift in Sources */,
				0DA7FA872987A8C800374B3A /* TopicDetailView.swift in Sources */,
				0DA7FA852987A76500374B3A /* AppearanceConfig.swift in Sources */,
				0DA7FA7829879AB200374B3A /* TopicListView.swift in Sources */,
				0DD2A4DE2987C57B0018C2CF /* Constants.swift in Sources */,
				0D321EA729A18787009DFB25 /* ColorExt.swift in Sources */,
			);
			runOnlyForDeploymentPostprocessing = 0;
		};
/* End PBXSourcesBuildPhase section */

/* Begin XCBuildConfiguration section */
		0D033B2F288CD64700129C9B /* Debug */ = {
			isa = XCBuildConfiguration;
			buildSettings = {
				ALWAYS_SEARCH_USER_PATHS = NO;
				CLANG_ANALYZER_LOCALIZABILITY_NONLOCALIZED = YES;
				CLANG_ANALYZER_NONNULL = YES;
				CLANG_ANALYZER_NUMBER_OBJECT_CONVERSION = YES_AGGRESSIVE;
				CLANG_CXX_LANGUAGE_STANDARD = "gnu++17";
				CLANG_ENABLE_MODULES = YES;
				CLANG_ENABLE_OBJC_ARC = YES;
				CLANG_ENABLE_OBJC_WEAK = YES;
				CLANG_WARN_BLOCK_CAPTURE_AUTORELEASING = YES;
				CLANG_WARN_BOOL_CONVERSION = YES;
				CLANG_WARN_COMMA = YES;
				CLANG_WARN_CONSTANT_CONVERSION = YES;
				CLANG_WARN_DEPRECATED_OBJC_IMPLEMENTATIONS = YES;
				CLANG_WARN_DIRECT_OBJC_ISA_USAGE = YES_ERROR;
				CLANG_WARN_DOCUMENTATION_COMMENTS = YES;
				CLANG_WARN_EMPTY_BODY = YES;
				CLANG_WARN_ENUM_CONVERSION = YES;
				CLANG_WARN_INFINITE_RECURSION = YES;
				CLANG_WARN_INT_CONVERSION = YES;
				CLANG_WARN_NON_LITERAL_NULL_CONVERSION = YES;
				CLANG_WARN_OBJC_IMPLICIT_RETAIN_SELF = YES;
				CLANG_WARN_OBJC_LITERAL_CONVERSION = YES;
				CLANG_WARN_OBJC_ROOT_CLASS = YES_ERROR;
				CLANG_WARN_QUOTED_INCLUDE_IN_FRAMEWORK_HEADER = YES;
				CLANG_WARN_RANGE_LOOP_ANALYSIS = YES;
				CLANG_WARN_STRICT_PROTOTYPES = YES;
				CLANG_WARN_SUSPICIOUS_MOVE = YES;
				CLANG_WARN_UNGUARDED_AVAILABILITY = YES_AGGRESSIVE;
				CLANG_WARN_UNREACHABLE_CODE = YES;
				CLANG_WARN__DUPLICATE_METHOD_MATCH = YES;
				COPY_PHASE_STRIP = NO;
				DEAD_CODE_STRIPPING = YES;
				DEBUG_INFORMATION_FORMAT = dwarf;
				ENABLE_STRICT_OBJC_MSGSEND = YES;
				ENABLE_TESTABILITY = YES;
				GCC_C_LANGUAGE_STANDARD = gnu11;
				GCC_DYNAMIC_NO_PIC = NO;
				GCC_NO_COMMON_BLOCKS = YES;
				GCC_OPTIMIZATION_LEVEL = 0;
				GCC_PREPROCESSOR_DEFINITIONS = (
					"DEBUG=1",
					"$(inherited)",
				);
				GCC_WARN_64_TO_32_BIT_CONVERSION = YES;
				GCC_WARN_ABOUT_RETURN_TYPE = YES_ERROR;
				GCC_WARN_UNDECLARED_SELECTOR = YES;
				GCC_WARN_UNINITIALIZED_AUTOS = YES_AGGRESSIVE;
				GCC_WARN_UNUSED_FUNCTION = YES;
				GCC_WARN_UNUSED_VARIABLE = YES;
				IPHONEOS_DEPLOYMENT_TARGET = 15.0;
				MACOSX_DEPLOYMENT_TARGET = 12.0;
				MTL_ENABLE_DEBUG_INFO = INCLUDE_SOURCE;
				MTL_FAST_MATH = YES;
				ONLY_ACTIVE_ARCH = YES;
				SDKROOT = macosx;
				SWIFT_ACTIVE_COMPILATION_CONDITIONS = DEBUG;
				SWIFT_OPTIMIZATION_LEVEL = "-Onone";
				TVOS_DEPLOYMENT_TARGET = 15.0;
			};
			name = Debug;
		};
		0D033B30288CD64700129C9B /* Release */ = {
			isa = XCBuildConfiguration;
			buildSettings = {
				ALWAYS_SEARCH_USER_PATHS = NO;
				CLANG_ANALYZER_LOCALIZABILITY_NONLOCALIZED = YES;
				CLANG_ANALYZER_NONNULL = YES;
				CLANG_ANALYZER_NUMBER_OBJECT_CONVERSION = YES_AGGRESSIVE;
				CLANG_CXX_LANGUAGE_STANDARD = "gnu++17";
				CLANG_ENABLE_MODULES = YES;
				CLANG_ENABLE_OBJC_ARC = YES;
				CLANG_ENABLE_OBJC_WEAK = YES;
				CLANG_WARN_BLOCK_CAPTURE_AUTORELEASING = YES;
				CLANG_WARN_BOOL_CONVERSION = YES;
				CLANG_WARN_COMMA = YES;
				CLANG_WARN_CONSTANT_CONVERSION = YES;
				CLANG_WARN_DEPRECATED_OBJC_IMPLEMENTATIONS = YES;
				CLANG_WARN_DIRECT_OBJC_ISA_USAGE = YES_ERROR;
				CLANG_WARN_DOCUMENTATION_COMMENTS = YES;
				CLANG_WARN_EMPTY_BODY = YES;
				CLANG_WARN_ENUM_CONVERSION = YES;
				CLANG_WARN_INFINITE_RECURSION = YES;
				CLANG_WARN_INT_CONVERSION = YES;
				CLANG_WARN_NON_LITERAL_NULL_CONVERSION = YES;
				CLANG_WARN_OBJC_IMPLICIT_RETAIN_SELF = YES;
				CLANG_WARN_OBJC_LITERAL_CONVERSION = YES;
				CLANG_WARN_OBJC_ROOT_CLASS = YES_ERROR;
				CLANG_WARN_QUOTED_INCLUDE_IN_FRAMEWORK_HEADER = YES;
				CLANG_WARN_RANGE_LOOP_ANALYSIS = YES;
				CLANG_WARN_STRICT_PROTOTYPES = YES;
				CLANG_WARN_SUSPICIOUS_MOVE = YES;
				CLANG_WARN_UNGUARDED_AVAILABILITY = YES_AGGRESSIVE;
				CLANG_WARN_UNREACHABLE_CODE = YES;
				CLANG_WARN__DUPLICATE_METHOD_MATCH = YES;
				COPY_PHASE_STRIP = NO;
				DEAD_CODE_STRIPPING = YES;
				DEBUG_INFORMATION_FORMAT = "dwarf-with-dsym";
				ENABLE_NS_ASSERTIONS = NO;
				ENABLE_STRICT_OBJC_MSGSEND = YES;
				GCC_C_LANGUAGE_STANDARD = gnu11;
				GCC_NO_COMMON_BLOCKS = YES;
				GCC_WARN_64_TO_32_BIT_CONVERSION = YES;
				GCC_WARN_ABOUT_RETURN_TYPE = YES_ERROR;
				GCC_WARN_UNDECLARED_SELECTOR = YES;
				GCC_WARN_UNINITIALIZED_AUTOS = YES_AGGRESSIVE;
				GCC_WARN_UNUSED_FUNCTION = YES;
				GCC_WARN_UNUSED_VARIABLE = YES;
				IPHONEOS_DEPLOYMENT_TARGET = 15.0;
				MACOSX_DEPLOYMENT_TARGET = 12.0;
				MTL_ENABLE_DEBUG_INFO = NO;
				MTL_FAST_MATH = YES;
				SDKROOT = macosx;
				SWIFT_COMPILATION_MODE = wholemodule;
				SWIFT_OPTIMIZATION_LEVEL = "-O";
				TVOS_DEPLOYMENT_TARGET = 15.0;
			};
			name = Release;
		};
		0D033B32288CD64700129C9B /* Debug */ = {
			isa = XCBuildConfiguration;
			buildSettings = {
				ASSETCATALOG_COMPILER_APPICON_NAME = AppIcon;
				ASSETCATALOG_COMPILER_GLOBAL_ACCENT_COLOR_NAME = AccentColor;
				CODE_SIGN_ENTITLEMENTS = V2exOS/V2exOS.entitlements;
				CODE_SIGN_IDENTITY = "Apple Development";
				"CODE_SIGN_IDENTITY[sdk=macosx*]" = "-";
				CODE_SIGN_STYLE = Manual;
				COMBINE_HIDPI_IMAGES = YES;
				CURRENT_PROJECT_VERSION = 1;
				DEAD_CODE_STRIPPING = YES;
				DEVELOPMENT_ASSET_PATHS = "\"V2exOS/Preview Content\"";
				DEVELOPMENT_TEAM = "";
				ENABLE_HARDENED_RUNTIME = YES;
				ENABLE_PREVIEWS = YES;
				GENERATE_INFOPLIST_FILE = YES;
				INFOPLIST_FILE = V2exOS/Info.plist;
				INFOPLIST_KEY_CFBundleDisplayName = V2exOS;
				INFOPLIST_KEY_LSApplicationCategoryType = "public.app-category.social-networking";
				INFOPLIST_KEY_NSHumanReadableCopyright = "";
				LD_RUNPATH_SEARCH_PATHS = (
					"$(inherited)",
					"@executable_path/../Frameworks",
				);
				MACOSX_DEPLOYMENT_TARGET = 12.0;
				MARKETING_VERSION = 1.9;
				PRODUCT_BUNDLE_IDENTIFIER = com.isaced.v2exos;
				PRODUCT_NAME = "$(TARGET_NAME)";
				PROVISIONING_PROFILE_SPECIFIER = "";
				SWIFT_EMIT_LOC_STRINGS = YES;
				SWIFT_VERSION = 5.0;
			};
			name = Debug;
		};
		0D033B33288CD64700129C9B /* Release */ = {
			isa = XCBuildConfiguration;
			buildSettings = {
				ASSETCATALOG_COMPILER_APPICON_NAME = AppIcon;
				ASSETCATALOG_COMPILER_GLOBAL_ACCENT_COLOR_NAME = AccentColor;
				CODE_SIGN_ENTITLEMENTS = V2exOS/V2exOS.entitlements;
				CODE_SIGN_IDENTITY = "Apple Development";
				"CODE_SIGN_IDENTITY[sdk=macosx*]" = "-";
				CODE_SIGN_STYLE = Manual;
				COMBINE_HIDPI_IMAGES = YES;
				CURRENT_PROJECT_VERSION = 1;
				DEAD_CODE_STRIPPING = YES;
				DEVELOPMENT_ASSET_PATHS = "\"V2exOS/Preview Content\"";
				DEVELOPMENT_TEAM = "";
				ENABLE_HARDENED_RUNTIME = YES;
				ENABLE_PREVIEWS = YES;
				GENERATE_INFOPLIST_FILE = YES;
				INFOPLIST_FILE = V2exOS/Info.plist;
				INFOPLIST_KEY_CFBundleDisplayName = V2exOS;
				INFOPLIST_KEY_LSApplicationCategoryType = "public.app-category.social-networking";
				INFOPLIST_KEY_NSHumanReadableCopyright = "";
				LD_RUNPATH_SEARCH_PATHS = (
					"$(inherited)",
					"@executable_path/../Frameworks",
				);
				MACOSX_DEPLOYMENT_TARGET = 12.0;
				MARKETING_VERSION = 1.9;
				PRODUCT_BUNDLE_IDENTIFIER = com.isaced.v2exos;
				PRODUCT_NAME = "$(TARGET_NAME)";
				PROVISIONING_PROFILE_SPECIFIER = "";
				SWIFT_EMIT_LOC_STRINGS = YES;
				SWIFT_VERSION = 5.0;
			};
			name = Release;
		};
		0D2334D92996944600DF4B73 /* Debug */ = {
			isa = XCBuildConfiguration;
			buildSettings = {
				ASSETCATALOG_COMPILER_APPICON_NAME = AppIcon;
				ASSETCATALOG_COMPILER_GLOBAL_ACCENT_COLOR_NAME = AccentColor;
				CLANG_CXX_LANGUAGE_STANDARD = "gnu++20";
				CODE_SIGN_STYLE = Manual;
				CURRENT_PROJECT_VERSION = 1;
				DEVELOPMENT_ASSET_PATHS = "\"V2exOSiOS/Preview Content\"";
				DEVELOPMENT_TEAM = "";
				ENABLE_PREVIEWS = YES;
				GENERATE_INFOPLIST_FILE = YES;
				INFOPLIST_FILE = V2exOSiOS/Info.plist;
				INFOPLIST_KEY_CFBundleDisplayName = V2exOS;
				INFOPLIST_KEY_LSApplicationCategoryType = "public.app-category.social-networking";
				INFOPLIST_KEY_UIApplicationSceneManifest_Generation = YES;
				INFOPLIST_KEY_UIApplicationSupportsIndirectInputEvents = YES;
				INFOPLIST_KEY_UILaunchScreen_Generation = YES;
				INFOPLIST_KEY_UISupportedInterfaceOrientations_iPad = "UIInterfaceOrientationPortrait UIInterfaceOrientationPortraitUpsideDown UIInterfaceOrientationLandscapeLeft UIInterfaceOrientationLandscapeRight";
				INFOPLIST_KEY_UISupportedInterfaceOrientations_iPhone = "UIInterfaceOrientationPortrait UIInterfaceOrientationLandscapeLeft UIInterfaceOrientationLandscapeRight";
				IPHONEOS_DEPLOYMENT_TARGET = 16.0;
				LD_RUNPATH_SEARCH_PATHS = (
					"$(inherited)",
					"@executable_path/Frameworks",
				);
				MARKETING_VERSION = 1.0;
				PRODUCT_BUNDLE_IDENTIFIER = com.isaced.v2exos;
				PRODUCT_NAME = "$(TARGET_NAME)";
				PROVISIONING_PROFILE_SPECIFIER = "";
				SDKROOT = iphoneos;
				SWIFT_EMIT_LOC_STRINGS = YES;
				SWIFT_VERSION = 5.0;
				TARGETED_DEVICE_FAMILY = "1,2";
			};
			name = Debug;
		};
		0D2334DA2996944600DF4B73 /* Release */ = {
			isa = XCBuildConfiguration;
			buildSettings = {
				ASSETCATALOG_COMPILER_APPICON_NAME = AppIcon;
				ASSETCATALOG_COMPILER_GLOBAL_ACCENT_COLOR_NAME = AccentColor;
				CLANG_CXX_LANGUAGE_STANDARD = "gnu++20";
				CODE_SIGN_STYLE = Manual;
				CURRENT_PROJECT_VERSION = 1;
				DEVELOPMENT_ASSET_PATHS = "\"V2exOSiOS/Preview Content\"";
				DEVELOPMENT_TEAM = "";
				ENABLE_PREVIEWS = YES;
				GENERATE_INFOPLIST_FILE = YES;
				INFOPLIST_FILE = V2exOSiOS/Info.plist;
				INFOPLIST_KEY_CFBundleDisplayName = V2exOS;
				INFOPLIST_KEY_LSApplicationCategoryType = "public.app-category.social-networking";
				INFOPLIST_KEY_UIApplicationSceneManifest_Generation = YES;
				INFOPLIST_KEY_UIApplicationSupportsIndirectInputEvents = YES;
				INFOPLIST_KEY_UILaunchScreen_Generation = YES;
				INFOPLIST_KEY_UISupportedInterfaceOrientations_iPad = "UIInterfaceOrientationPortrait UIInterfaceOrientationPortraitUpsideDown UIInterfaceOrientationLandscapeLeft UIInterfaceOrientationLandscapeRight";
				INFOPLIST_KEY_UISupportedInterfaceOrientations_iPhone = "UIInterfaceOrientationPortrait UIInterfaceOrientationLandscapeLeft UIInterfaceOrientationLandscapeRight";
				IPHONEOS_DEPLOYMENT_TARGET = 16.0;
				LD_RUNPATH_SEARCH_PATHS = (
					"$(inherited)",
					"@executable_path/Frameworks",
				);
				MARKETING_VERSION = 1.0;
				PRODUCT_BUNDLE_IDENTIFIER = com.isaced.v2exos;
				PRODUCT_NAME = "$(TARGET_NAME)";
				PROVISIONING_PROFILE_SPECIFIER = "";
				SDKROOT = iphoneos;
				SWIFT_EMIT_LOC_STRINGS = YES;
				SWIFT_VERSION = 5.0;
				TARGETED_DEVICE_FAMILY = "1,2";
				VALIDATE_PRODUCT = YES;
			};
			name = Release;
		};
		0DA7FA6F298799B400374B3A /* Debug */ = {
			isa = XCBuildConfiguration;
			buildSettings = {
				ASSETCATALOG_COMPILER_APPICON_NAME = "App Icon & Top Shelf Image";
				ASSETCATALOG_COMPILER_GLOBAL_ACCENT_COLOR_NAME = AccentColor;
				CLANG_CXX_LANGUAGE_STANDARD = "gnu++20";
				CODE_SIGN_IDENTITY = "Apple Development";
				CODE_SIGN_STYLE = Manual;
				CURRENT_PROJECT_VERSION = 1;
				DEVELOPMENT_ASSET_PATHS = "\"V2exOSTV/Preview Content\"";
				DEVELOPMENT_TEAM = "";
				ENABLE_PREVIEWS = YES;
				GENERATE_INFOPLIST_FILE = YES;
				INFOPLIST_FILE = V2exOSTV/Info_tv.plist;
				INFOPLIST_KEY_CFBundleDisplayName = V2exOS;
				INFOPLIST_KEY_LSApplicationCategoryType = "public.app-category.social-networking";
				INFOPLIST_KEY_UILaunchScreen_Generation = YES;
				INFOPLIST_KEY_UIUserInterfaceStyle = Automatic;
				LD_RUNPATH_SEARCH_PATHS = (
					"$(inherited)",
					"@executable_path/Frameworks",
				);
				MARKETING_VERSION = 1.1;
				PRODUCT_BUNDLE_IDENTIFIER = com.isaced.v2exos;
				PRODUCT_NAME = "$(TARGET_NAME)";
				PROVISIONING_PROFILE_SPECIFIER = "";
				SDKROOT = appletvos;
				SWIFT_EMIT_LOC_STRINGS = YES;
				SWIFT_VERSION = 5.0;
				TARGETED_DEVICE_FAMILY = 3;
				TVOS_DEPLOYMENT_TARGET = 15.0;
			};
			name = Debug;
		};
		0DA7FA70298799B400374B3A /* Release */ = {
			isa = XCBuildConfiguration;
			buildSettings = {
				ASSETCATALOG_COMPILER_APPICON_NAME = "App Icon & Top Shelf Image";
				ASSETCATALOG_COMPILER_GLOBAL_ACCENT_COLOR_NAME = AccentColor;
				CLANG_CXX_LANGUAGE_STANDARD = "gnu++20";
				CODE_SIGN_IDENTITY = "Apple Development";
				CODE_SIGN_STYLE = Manual;
				CURRENT_PROJECT_VERSION = 1;
				DEVELOPMENT_ASSET_PATHS = "\"V2exOSTV/Preview Content\"";
				DEVELOPMENT_TEAM = "";
				ENABLE_PREVIEWS = YES;
				GENERATE_INFOPLIST_FILE = YES;
				INFOPLIST_FILE = V2exOSTV/Info_tv.plist;
				INFOPLIST_KEY_CFBundleDisplayName = V2exOS;
				INFOPLIST_KEY_LSApplicationCategoryType = "public.app-category.social-networking";
				INFOPLIST_KEY_UILaunchScreen_Generation = YES;
				INFOPLIST_KEY_UIUserInterfaceStyle = Automatic;
				LD_RUNPATH_SEARCH_PATHS = (
					"$(inherited)",
					"@executable_path/Frameworks",
				);
				MARKETING_VERSION = 1.1;
				PRODUCT_BUNDLE_IDENTIFIER = com.isaced.v2exos;
				PRODUCT_NAME = "$(TARGET_NAME)";
				PROVISIONING_PROFILE_SPECIFIER = "";
				SDKROOT = appletvos;
				SWIFT_EMIT_LOC_STRINGS = YES;
				SWIFT_VERSION = 5.0;
				TARGETED_DEVICE_FAMILY = 3;
				TVOS_DEPLOYMENT_TARGET = 15.0;
				VALIDATE_PRODUCT = YES;
			};
			name = Release;
		};
/* End XCBuildConfiguration section */

/* Begin XCConfigurationList section */
		0D033B1D288CD64500129C9B /* Build configuration list for PBXProject "V2exOS" */ = {
			isa = XCConfigurationList;
			buildConfigurations = (
				0D033B2F288CD64700129C9B /* Debug */,
				0D033B30288CD64700129C9B /* Release */,
			);
			defaultConfigurationIsVisible = 0;
			defaultConfigurationName = Release;
		};
		0D033B31288CD64700129C9B /* Build configuration list for PBXNativeTarget "V2exOS" */ = {
			isa = XCConfigurationList;
			buildConfigurations = (
				0D033B32288CD64700129C9B /* Debug */,
				0D033B33288CD64700129C9B /* Release */,
			);
			defaultConfigurationIsVisible = 0;
			defaultConfigurationName = Release;
		};
		0D2334DB2996944600DF4B73 /* Build configuration list for PBXNativeTarget "V2exOSiOS" */ = {
			isa = XCConfigurationList;
			buildConfigurations = (
				0D2334D92996944600DF4B73 /* Debug */,
				0D2334DA2996944600DF4B73 /* Release */,
			);
			defaultConfigurationIsVisible = 0;
			defaultConfigurationName = Release;
		};
		0DA7FA71298799B400374B3A /* Build configuration list for PBXNativeTarget "V2exOSTV" */ = {
			isa = XCConfigurationList;
			buildConfigurations = (
				0DA7FA6F298799B400374B3A /* Debug */,
				0DA7FA70298799B400374B3A /* Release */,
			);
			defaultConfigurationIsVisible = 0;
			defaultConfigurationName = Release;
		};
/* End XCConfigurationList section */

/* Begin XCRemoteSwiftPackageReference section */
		0D12614828A94963009DBCE2 /* XCRemoteSwiftPackageReference "V2exAPI" */ = {
			isa = XCRemoteSwiftPackageReference;
			repositoryURL = "https://github.com/isaced/V2exAPI.git";
			requirement = {
				kind = upToNextMajorVersion;
				minimumVersion = 1.1.1;
			};
		};
		0D2334DC2996972300DF4B73 /* XCRemoteSwiftPackageReference "PagerTabStripView" */ = {
			isa = XCRemoteSwiftPackageReference;
			repositoryURL = "https://github.com/xmartlabs/PagerTabStripView.git";
			requirement = {
				kind = upToNextMajorVersion;
				minimumVersion = 4.0.0;
			};
		};
		0D8F3351288D243A00C27AF1 /* XCRemoteSwiftPackageReference "MarkdownUI" */ = {
			isa = XCRemoteSwiftPackageReference;
			repositoryURL = "https://github.com/gonzalezreal/MarkdownUI";
			requirement = {
				kind = upToNextMajorVersion;
				minimumVersion = 2.1.0;
			};
		};
		0D8F3354288D245300C27AF1 /* XCRemoteSwiftPackageReference "Kingfisher" */ = {
			isa = XCRemoteSwiftPackageReference;
			repositoryURL = "https://github.com/onevcat/Kingfisher";
			requirement = {
				kind = upToNextMajorVersion;
				minimumVersion = 7.7.0;
			};
		};
		0DA3F3A228A411ED00E7224D /* XCRemoteSwiftPackageReference "KeychainAccess" */ = {
			isa = XCRemoteSwiftPackageReference;
			repositoryURL = "https://github.com/kishikawakatsumi/KeychainAccess";
			requirement = {
				kind = upToNextMajorVersion;
				minimumVersion = 4.0.0;
			};
		};
		0DA838362A9DD2AB00C8DA47 /* XCRemoteSwiftPackageReference "SwiftUI-Introspect" */ = {
			isa = XCRemoteSwiftPackageReference;
			repositoryURL = "https://github.com/siteline/SwiftUI-Introspect.git";
			requirement = {
				kind = upToNextMajorVersion;
				minimumVersion = 0.12.0;
			};
		};
/* End XCRemoteSwiftPackageReference section */

/* Begin XCSwiftPackageProductDependency section */
		0D0E9CEB2A9DF454004B0C22 /* SwiftUIIntrospect */ = {
			isa = XCSwiftPackageProductDependency;
			package = 0DA838362A9DD2AB00C8DA47 /* XCRemoteSwiftPackageReference "SwiftUI-Introspect" */;
			productName = SwiftUIIntrospect;
		};
		0D0E9CED2A9DF45D004B0C22 /* SwiftUIIntrospect */ = {
			isa = XCSwiftPackageProductDependency;
			package = 0DA838362A9DD2AB00C8DA47 /* XCRemoteSwiftPackageReference "SwiftUI-Introspect" */;
			productName = SwiftUIIntrospect;
		};
		0D12614928A94AA3009DBCE2 /* V2exAPI */ = {
			isa = XCSwiftPackageProductDependency;
			package = 0D12614828A94963009DBCE2 /* XCRemoteSwiftPackageReference "V2exAPI" */;
			productName = V2exAPI;
		};
		0D2334DE299697E000DF4B73 /* PagerTabStripView */ = {
			isa = XCSwiftPackageProductDependency;
			package = 0D2334DC2996972300DF4B73 /* XCRemoteSwiftPackageReference "PagerTabStripView" */;
			productName = PagerTabStripView;
		};
		0D2334E52996998500DF4B73 /* MarkdownUI */ = {
			isa = XCSwiftPackageProductDependency;
			package = 0D8F3351288D243A00C27AF1 /* XCRemoteSwiftPackageReference "MarkdownUI" */;
			productName = MarkdownUI;
		};
		0D2334E72996998500DF4B73 /* Kingfisher */ = {
			isa = XCSwiftPackageProductDependency;
			package = 0D8F3354288D245300C27AF1 /* XCRemoteSwiftPackageReference "Kingfisher" */;
			productName = Kingfisher;
		};
		0D2334E92996998500DF4B73 /* V2exAPI */ = {
			isa = XCSwiftPackageProductDependency;
			package = 0D12614828A94963009DBCE2 /* XCRemoteSwiftPackageReference "V2exAPI" */;
			productName = V2exAPI;
		};
		0D5555FE2997C1FF00A8B9FD /* KeychainAccess */ = {
			isa = XCSwiftPackageProductDependency;
			package = 0DA3F3A228A411ED00E7224D /* XCRemoteSwiftPackageReference "KeychainAccess" */;
			productName = KeychainAccess;
		};
		0D8F3352288D243A00C27AF1 /* MarkdownUI */ = {
			isa = XCSwiftPackageProductDependency;
			package = 0D8F3351288D243A00C27AF1 /* XCRemoteSwiftPackageReference "MarkdownUI" */;
			productName = MarkdownUI;
		};
		0D8F3355288D245300C27AF1 /* Kingfisher */ = {
			isa = XCSwiftPackageProductDependency;
			package = 0D8F3354288D245300C27AF1 /* XCRemoteSwiftPackageReference "Kingfisher" */;
			productName = Kingfisher;
		};
		0DA3F3A328A411ED00E7224D /* KeychainAccess */ = {
			isa = XCSwiftPackageProductDependency;
			package = 0DA3F3A228A411ED00E7224D /* XCRemoteSwiftPackageReference "KeychainAccess" */;
			productName = KeychainAccess;
		};
		0DA7FA7229879A0B00374B3A /* Kingfisher */ = {
			isa = XCSwiftPackageProductDependency;
			package = 0D8F3354288D245300C27AF1 /* XCRemoteSwiftPackageReference "Kingfisher" */;
			productName = Kingfisher;
		};
		0DA7FA7429879A0B00374B3A /* V2exAPI */ = {
			isa = XCSwiftPackageProductDependency;
			package = 0D12614828A94963009DBCE2 /* XCRemoteSwiftPackageReference "V2exAPI" */;
			productName = V2exAPI;
		};
		0DA7FA832987A71900374B3A /* MarkdownUI */ = {
			isa = XCSwiftPackageProductDependency;
			package = 0D8F3351288D243A00C27AF1 /* XCRemoteSwiftPackageReference "MarkdownUI" */;
			productName = MarkdownUI;
		};
		0DA838392A9DD3E900C8DA47 /* SwiftUIIntrospect */ = {
			isa = XCSwiftPackageProductDependency;
			package = 0DA838362A9DD2AB00C8DA47 /* XCRemoteSwiftPackageReference "SwiftUI-Introspect" */;
			productName = SwiftUIIntrospect;
		};
/* End XCSwiftPackageProductDependency section */
	};
	rootObject = 0D033B1A288CD64500129C9B /* Project object */;
}
